
Microsoft Visual Studio Solution File, Format Version 12.00
# Visual Studio Version 17
VisualStudioVersion = 17.14.36327.8
MinimumVisualStudioVersion = 10.0.40219.1
Project("{888888A0-9F3D-457C-B088-3A5042F75D52}") = "DB Manager", "DB Manager\DB Manager.pyproj", "{3DA6D3F7-86E9-47C2-A720-1F17A21864FE}"
EndProject
Project("{2150E333-8FDC-42A3-9474-1A3956D46DE8}") = "Solution Items", "Solution Items", "{8EC462FD-D22E-90A8-E5CE-7E832BA40C5D}"
	ProjectSection(SolutionItems) = preProject
		DB Manager\Mass_Renamer.py = DB Manager\Mass_Renamer.py
	EndProjectSection
EndProject
Global
	GlobalSection(SolutionConfigurationPlatforms) = preSolution
		Debug|Any CPU = Debug|Any CPU
		Release|Any CPU = Release|Any CPU
	EndGlobalSection
	GlobalSection(ProjectConfigurationPlatforms) = postSolution
		{3DA6D3F7-86E9-47C2-A720-1F17A21864FE}.Debug|Any CPU.ActiveCfg = Debug|Any CPU
		{3DA6D3F7-86E9-47C2-A720-1F17A21864FE}.Release|Any CPU.ActiveCfg = Release|Any CPU
	EndGlobalSection
	GlobalSection(SolutionProperties) = preSolution
		HideSolutionNode = FALSE
	EndGlobalSection
	GlobalSection(ExtensibilityGlobals) = postSolution
		SolutionGuid = {D63936F4-2F35-46CF-B8F2-9594C6EAAAA6}
	EndGlobalSection
EndGlobal
